
Microsoft Visual Studio Solution File, Format Version 12.00
# Visual Studio 15
VisualStudioVersion = 15.0.27703.2026
MinimumVisualStudioVersion = 10.0.40219.1
Project("{FAE04EC0-301F-11D3-BF4B-00C04F79EFBC}") = "PersonAddressProject", "PersonAddressProject\PersonAddressProject.csproj", "{C08B26D7-D890-4809-A79A-7B537377D6D8}"
EndProject
Global
	GlobalSection(SolutionConfigurationPlatforms) = preSolution
		Debug|Any CPU = Debug|Any CPU
		Release|Any CPU = Release|Any CPU
	EndGlobalSection
	GlobalSection(ProjectConfigurationPlatforms) = postSolution
		{C08B26D7-D890-4809-A79A-7B537377D6D8}.Debug|Any CPU.ActiveCfg = Debug|Any CPU
		{C08B26D7-D890-4809-A79A-7B537377D6D8}.Debug|Any CPU.Build.0 = Debug|Any CPU
		{C08B26D7-D890-4809-A79A-7B537377D6D8}.Release|Any CPU.ActiveCfg = Release|Any CPU
		{C08B26D7-D890-4809-A79A-7B537377D6D8}.Release|Any CPU.Build.0 = Release|Any CPU
	EndGlobalSection
	GlobalSection(SolutionProperties) = preSolution
		HideSolutionNode = FALSE
	EndGlobalSection
	GlobalSection(ExtensibilityGlobals) = postSolution
		SolutionGuid = {8D2BABDC-FED2-45EA-9D9B-C8B7F2D259C6}
	EndGlobalSection
EndGlobal
