
Microsoft Visual Studio Solution File, Format Version 12.00
# Visual Studio 15
VisualStudioVersion = 15.0.27703.2026
MinimumVisualStudioVersion = 10.0.40219.1
Project("{FAE04EC0-301F-11D3-BF4B-00C04F79EFBC}") = "Car_Reg", "Car_Reg\Car_Reg.csproj", "{81C145E6-2F73-445F-A10D-D0D6B10145D7}"
EndProject
Global
	GlobalSection(SolutionConfigurationPlatforms) = preSolution
		Debug|Any CPU = Debug|Any CPU
		Release|Any CPU = Release|Any CPU
	EndGlobalSection
	GlobalSection(ProjectConfigurationPlatforms) = postSolution
		{81C145E6-2F73-445F-A10D-D0D6B10145D7}.Debug|Any CPU.ActiveCfg = Debug|Any CPU
		{81C145E6-2F73-445F-A10D-D0D6B10145D7}.Debug|Any CPU.Build.0 = Debug|Any CPU
		{81C145E6-2F73-445F-A10D-D0D6B10145D7}.Release|Any CPU.ActiveCfg = Release|Any CPU
		{81C145E6-2F73-445F-A10D-D0D6B10145D7}.Release|Any CPU.Build.0 = Release|Any CPU
	EndGlobalSection
	GlobalSection(SolutionProperties) = preSolution
		HideSolutionNode = FALSE
	EndGlobalSection
	GlobalSection(ExtensibilityGlobals) = postSolution
		SolutionGuid = {FD985B22-5EA0-4585-AFA3-40D655596AC4}
	EndGlobalSection
EndGlobal
