
Microsoft Visual Studio Solution File, Format Version 12.00
# Visual Studio 15
VisualStudioVersion = 15.0.27703.2026
MinimumVisualStudioVersion = 10.0.40219.1
Project("{FAE04EC0-301F-11D3-BF4B-00C04F79EFBC}") = "ConsoleApp4", "ConsoleApp4\ConsoleApp4.csproj", "{A6927036-442D-48C6-A52C-A52E53165E5F}"
EndProject
Global
	GlobalSection(SolutionConfigurationPlatforms) = preSolution
		Debug|Any CPU = Debug|Any CPU
		Release|Any CPU = Release|Any CPU
	EndGlobalSection
	GlobalSection(ProjectConfigurationPlatforms) = postSolution
		{A6927036-442D-48C6-A52C-A52E53165E5F}.Debug|Any CPU.ActiveCfg = Debug|Any CPU
		{A6927036-442D-48C6-A52C-A52E53165E5F}.Debug|Any CPU.Build.0 = Debug|Any CPU
		{A6927036-442D-48C6-A52C-A52E53165E5F}.Release|Any CPU.ActiveCfg = Release|Any CPU
		{A6927036-442D-48C6-A52C-A52E53165E5F}.Release|Any CPU.Build.0 = Release|Any CPU
	EndGlobalSection
	GlobalSection(SolutionProperties) = preSolution
		HideSolutionNode = FALSE
	EndGlobalSection
	GlobalSection(ExtensibilityGlobals) = postSolution
		SolutionGuid = {74E894C2-A7A0-400F-B48D-1C04AE0820C6}
	EndGlobalSection
EndGlobal
